
Microsoft Visual Studio Solution File, Format Version 12.00
# Visual Studio Version 16
VisualStudioVersion = 16.0.29009.5
MinimumVisualStudioVersion = 10.0.40219.1
Project("{FAE04EC0-301F-11D3-BF4B-00C04F79EFBC}") = "OOP Lab sheet 3", "OOP Lab sheet 3\OOP Lab sheet 3.csproj", "{6C5A1B90-50A8-45C5-8706-A4833CCA5EBC}"
EndProject
Global
	GlobalSection(SolutionConfigurationPlatforms) = preSolution
		Debug|Any CPU = Debug|Any CPU
		Release|Any CPU = Release|Any CPU
	EndGlobalSection
	GlobalSection(ProjectConfigurationPlatforms) = postSolution
		{6C5A1B90-50A8-45C5-8706-A4833CCA5EBC}.Debug|Any CPU.ActiveCfg = Debug|Any CPU
		{6C5A1B90-50A8-45C5-8706-A4833CCA5EBC}.Debug|Any CPU.Build.0 = Debug|Any CPU
		{6C5A1B90-50A8-45C5-8706-A4833CCA5EBC}.Release|Any CPU.ActiveCfg = Release|Any CPU
		{6C5A1B90-50A8-45C5-8706-A4833CCA5EBC}.Release|Any CPU.Build.0 = Release|Any CPU
	EndGlobalSection
	GlobalSection(SolutionProperties) = preSolution
		HideSolutionNode = FALSE
	EndGlobalSection
	GlobalSection(ExtensibilityGlobals) = postSolution
		SolutionGuid = {CDD18AD2-108F-46EA-8D6E-EB018178E29A}
	EndGlobalSection
EndGlobal
